{
    "_meta": {
        "hash": {
            "sha256": "8f204b670514053e9b9519c9b1b02f62d31f4c866b9d70a75a617bda97e59867"
        },
        "pipfile-spec": 6,
        "requires": {},
        "sources": [
            {
                "name": "pypi",
                "url": "https://pypi.python.org/simple",
                "verify_ssl": true
            }
        ]
    },
    "default": {
        "anyioc": {
            "hashes": [
                "sha256:ee08a40e43ee2f9955c5ad9905d1a8c5db28d13d9ace595512a3cdfb6727c930",
                "sha256:f3ef7802051dbfe2162b7a99fe89bbeae5457d5419d9683aed9ce6df47023774"
            ],
            "index": "pypi",
            "version": "==0.6.2"
        },
        "certifi": {
            "hashes": [
                "sha256:59b7658e26ca9c7339e00f8f4636cdfe59d34fa37b9b04f6f9e9926b3cece1a5",
                "sha256:b26104d6835d1f5e49452a26eb2ff87fe7090b89dfcaee5ea2212697e1e1d7ae"
            ],
            "version": "==2019.3.9"
        },
        "chardet": {
            "hashes": [
                "sha256:84ab92ed1c4d4f16916e05906b6b75a6c0fb5db821cc65e70cbd64a3e2a5eaae",
                "sha256:fc323ffcaeaed0e0a02bf4d117757b98aed530d9ed4531e3e15460124c106691"
            ],
            "version": "==3.0.4"
        },
        "click": {
            "hashes": [
                "sha256:2335065e6395b9e67ca716de5f7526736bfa6ceead690adf616d925bdc622b13",
                "sha256:5b94b49521f6456670fdb30cd82a4eca9412788a93fa6dd6df72c94d5a8ff2d7"
            ],
            "version": "==7.0"
        },
        "click-anno": {
            "hashes": [
                "sha256:8f037398b2b99afe420fca9eeda03fe60facbb016b5e34e240f608cc1b016ce4",
                "sha256:94493a3582e927958503d5732a00f7a36d028196b840d966198125c88de282a8"
            ],
            "index": "pypi",
            "version": "==0.0.8"
        },
        "colorama": {
            "hashes": [
                "sha256:05eed71e2e327246ad6b38c540c4a3117230b19679b875190486ddd2d721422d",
                "sha256:f8ac84de7840f5b9c4e3347b3c1eaa50f7e49c2b07596221daec5edaabbd7c48"
            ],
            "index": "pypi",
            "version": "==0.4.1"
        },
        "deprecated": {
            "hashes": [
                "sha256:2f293eb0eee34b1fcf3da530fe8fc4b0d71d43ddc2dc78e2ffb444b6c0868557",
                "sha256:749f6cdcfbdc3f79258f8154bad43fced95adc632c337675d0385959895894bc"
            ],
            "version": "==1.2.5"
        },
        "fsoopify": {
            "hashes": [
                "sha256:46ccd3bae04ee810ed0f8b4039e0c167b52c1e4b2f92f97afd3351d443f0ae7b",
                "sha256:e98fd3ddee26efd01b90c0543542327b6880f054e7744d943bdd2394a7cac165"
            ],
            "index": "pypi",
            "version": "==0.2.4"
        },
        "idna": {
            "hashes": [
                "sha256:c357b3f628cf53ae2c4c05627ecc484553142ca23264e593d327bcde5e9c3407",
                "sha256:ea8b7f6188e6fa117537c3df7da9fc686d485087abf6ac197f9c46432f7e4a3c"
            ],
            "version": "==2.8"
        },
        "pygithub": {
            "hashes": [
                "sha256:2ce91d4990efbfb7a0a1abd06e2106a3998a4a5810a4bdd3c1b6be5499918e9b"
            ],
            "index": "pypi",
            "version": "==1.43.7"
        },
        "pyjwt": {
            "hashes": [
                "sha256:5c6eca3c2940464d106b99ba83b00c6add741c9becaec087fb7ccdefea71350e",
                "sha256:8d59a976fb773f3e6a39c85636357c4f0e242707394cadadd9814f5cbaa20e96"
            ],
            "version": "==1.7.1"
        },
        "requests": {
            "hashes": [
                "sha256:11e007a8a2aa0323f5a921e9e6a2d7e4e67d9877e85773fba9ba6419025cbeb4",
                "sha256:9cf5292fcd0f598c671cfc1e0d7d1a7f13bb8085e9a590f48c010551dc6c4b31"
            ],
            "index": "pypi",
            "version": "==2.22.0"
        },
        "urllib3": {
            "hashes": [
                "sha256:b246607a25ac80bedac05c6f282e3cdaf3afb65420fd024ac94435cabe6e18d1",
                "sha256:dbe59173209418ae49d485b87d1681aefa36252ee85884c31346debd19463232"
            ],
            "version": "==1.25.3"
        },
        "wrapt": {
            "hashes": [
                "sha256:4aea003270831cceb8a90ff27c4031da6ead7ec1886023b80ce0dfe0adf61533"
            ],
            "version": "==1.11.1"
        }
    },
    "develop": {}
}
